
Microsoft Visual Studio Solution File, Format Version 12.00
# Visual Studio Version 17
VisualStudioVersion = 17.5.33530.505
MinimumVisualStudioVersion = 10.0.40219.1
Project("{C7167F0D-BC9F-4E6E-AFE1-012C56B48DB5}") = "SteamfinityPackage", "SteamfinityPackage\SteamfinityPackage.wapproj", "{6E47355C-4922-4A9A-830A-90651ACD3BC6}"
EndProject
Project("{8BC9CEB8-8B4A-11D0-8D11-00A0C91BC942}") = "Steamfinity", "Steamfinity\Steamfinity.vcxproj", "{AF053756-E125-4341-ABC1-3897A2BDE2BD}"
EndProject
Project("{8BC9CEB8-8B4A-11D0-8D11-00A0C91BC942}") = "SteamfinityFullTrustProcess", "SteamfinityFullTrustProcess\SteamfinityFullTrustProcess.vcxproj", "{052B3C0C-DE60-4233-8513-74AB9D931A6B}"
EndProject
Global
	GlobalSection(SolutionConfigurationPlatforms) = preSolution
		Debug|Any CPU = Debug|Any CPU
		Debug|ARM = Debug|ARM
		Debug|ARM64 = Debug|ARM64
		Debug|x64 = Debug|x64
		Debug|x86 = Debug|x86
		Release|Any CPU = Release|Any CPU
		Release|ARM = Release|ARM
		Release|ARM64 = Release|ARM64
		Release|x64 = Release|x64
		Release|x86 = Release|x86
	EndGlobalSection
	GlobalSection(ProjectConfigurationPlatforms) = postSolution
		{6E47355C-4922-4A9A-830A-90651ACD3BC6}.Debug|Any CPU.ActiveCfg = Debug|Any CPU
		{6E47355C-4922-4A9A-830A-90651ACD3BC6}.Debug|Any CPU.Build.0 = Debug|Any CPU
		{6E47355C-4922-4A9A-830A-90651ACD3BC6}.Debug|Any CPU.Deploy.0 = Debug|Any CPU
		{6E47355C-4922-4A9A-830A-90651ACD3BC6}.Debug|ARM.ActiveCfg = Debug|ARM
		{6E47355C-4922-4A9A-830A-90651ACD3BC6}.Debug|ARM.Build.0 = Debug|ARM
		{6E47355C-4922-4A9A-830A-90651ACD3BC6}.Debug|ARM.Deploy.0 = Debug|ARM
		{6E47355C-4922-4A9A-830A-90651ACD3BC6}.Debug|ARM64.ActiveCfg = Debug|ARM64
		{6E47355C-4922-4A9A-830A-90651ACD3BC6}.Debug|ARM64.Build.0 = Debug|ARM64
		{6E47355C-4922-4A9A-830A-90651ACD3BC6}.Debug|ARM64.Deploy.0 = Debug|ARM64
		{6E47355C-4922-4A9A-830A-90651ACD3BC6}.Debug|x64.ActiveCfg = Debug|x64
		{6E47355C-4922-4A9A-830A-90651ACD3BC6}.Debug|x64.Build.0 = Debug|x64
		{6E47355C-4922-4A9A-830A-90651ACD3BC6}.Debug|x64.Deploy.0 = Debug|x64
		{6E47355C-4922-4A9A-830A-90651ACD3BC6}.Debug|x86.ActiveCfg = Debug|x86
		{6E47355C-4922-4A9A-830A-90651ACD3BC6}.Debug|x86.Build.0 = Debug|x86
		{6E47355C-4922-4A9A-830A-90651ACD3BC6}.Debug|x86.Deploy.0 = Debug|x86
		{6E47355C-4922-4A9A-830A-90651ACD3BC6}.Release|Any CPU.ActiveCfg = Release|Any CPU
		{6E47355C-4922-4A9A-830A-90651ACD3BC6}.Release|Any CPU.Build.0 = Release|Any CPU
		{6E47355C-4922-4A9A-830A-90651ACD3BC6}.Release|Any CPU.Deploy.0 = Release|Any CPU
		{6E47355C-4922-4A9A-830A-90651ACD3BC6}.Release|ARM.ActiveCfg = Release|ARM
		{6E47355C-4922-4A9A-830A-90651ACD3BC6}.Release|ARM.Build.0 = Release|ARM
		{6E47355C-4922-4A9A-830A-90651ACD3BC6}.Release|ARM.Deploy.0 = Release|ARM
		{6E47355C-4922-4A9A-830A-90651ACD3BC6}.Release|ARM64.ActiveCfg = Release|ARM64
		{6E47355C-4922-4A9A-830A-90651ACD3BC6}.Release|ARM64.Build.0 = Release|ARM64
		{6E47355C-4922-4A9A-830A-90651ACD3BC6}.Release|ARM64.Deploy.0 = Release|ARM64
		{6E47355C-4922-4A9A-830A-90651ACD3BC6}.Release|x64.ActiveCfg = Release|x64
		{6E47355C-4922-4A9A-830A-90651ACD3BC6}.Release|x64.Build.0 = Release|x64
		{6E47355C-4922-4A9A-830A-90651ACD3BC6}.Release|x64.Deploy.0 = Release|x64
		{6E47355C-4922-4A9A-830A-90651ACD3BC6}.Release|x86.ActiveCfg = Release|x86
		{6E47355C-4922-4A9A-830A-90651ACD3BC6}.Release|x86.Build.0 = Release|x86
		{6E47355C-4922-4A9A-830A-90651ACD3BC6}.Release|x86.Deploy.0 = Release|x86
		{AF053756-E125-4341-ABC1-3897A2BDE2BD}.Debug|Any CPU.ActiveCfg = Debug|x64
		{AF053756-E125-4341-ABC1-3897A2BDE2BD}.Debug|Any CPU.Build.0 = Debug|x64
		{AF053756-E125-4341-ABC1-3897A2BDE2BD}.Debug|ARM.ActiveCfg = Debug|ARM
		{AF053756-E125-4341-ABC1-3897A2BDE2BD}.Debug|ARM.Build.0 = Debug|ARM
		{AF053756-E125-4341-ABC1-3897A2BDE2BD}.Debug|ARM64.ActiveCfg = Debug|ARM64
		{AF053756-E125-4341-ABC1-3897A2BDE2BD}.Debug|ARM64.Build.0 = Debug|ARM64
		{AF053756-E125-4341-ABC1-3897A2BDE2BD}.Debug|x64.ActiveCfg = Debug|x64
		{AF053756-E125-4341-ABC1-3897A2BDE2BD}.Debug|x64.Build.0 = Debug|x64
		{AF053756-E125-4341-ABC1-3897A2BDE2BD}.Debug|x86.ActiveCfg = Debug|Win32
		{AF053756-E125-4341-ABC1-3897A2BDE2BD}.Debug|x86.Build.0 = Debug|Win32
		{AF053756-E125-4341-ABC1-3897A2BDE2BD}.Release|Any CPU.ActiveCfg = Release|x64
		{AF053756-E125-4341-ABC1-3897A2BDE2BD}.Release|Any CPU.Build.0 = Release|x64
		{AF053756-E125-4341-ABC1-3897A2BDE2BD}.Release|ARM.ActiveCfg = Release|ARM
		{AF053756-E125-4341-ABC1-3897A2BDE2BD}.Release|ARM.Build.0 = Release|ARM
		{AF053756-E125-4341-ABC1-3897A2BDE2BD}.Release|ARM64.ActiveCfg = Release|ARM64
		{AF053756-E125-4341-ABC1-3897A2BDE2BD}.Release|ARM64.Build.0 = Release|ARM64
		{AF053756-E125-4341-ABC1-3897A2BDE2BD}.Release|x64.ActiveCfg = Release|x64
		{AF053756-E125-4341-ABC1-3897A2BDE2BD}.Release|x64.Build.0 = Release|x64
		{AF053756-E125-4341-ABC1-3897A2BDE2BD}.Release|x86.ActiveCfg = Release|Win32
		{AF053756-E125-4341-ABC1-3897A2BDE2BD}.Release|x86.Build.0 = Release|Win32
		{052B3C0C-DE60-4233-8513-74AB9D931A6B}.Debug|Any CPU.ActiveCfg = Debug|x64
		{052B3C0C-DE60-4233-8513-74AB9D931A6B}.Debug|Any CPU.Build.0 = Debug|x64
		{052B3C0C-DE60-4233-8513-74AB9D931A6B}.Debug|ARM.ActiveCfg = Debug|x64
		{052B3C0C-DE60-4233-8513-74AB9D931A6B}.Debug|ARM.Build.0 = Debug|x64
		{052B3C0C-DE60-4233-8513-74AB9D931A6B}.Debug|ARM64.ActiveCfg = Debug|x64
		{052B3C0C-DE60-4233-8513-74AB9D931A6B}.Debug|ARM64.Build.0 = Debug|x64
		{052B3C0C-DE60-4233-8513-74AB9D931A6B}.Debug|x64.ActiveCfg = Debug|x64
		{052B3C0C-DE60-4233-8513-74AB9D931A6B}.Debug|x64.Build.0 = Debug|x64
		{052B3C0C-DE60-4233-8513-74AB9D931A6B}.Debug|x86.ActiveCfg = Debug|Win32
		{052B3C0C-DE60-4233-8513-74AB9D931A6B}.Debug|x86.Build.0 = Debug|Win32
		{052B3C0C-DE60-4233-8513-74AB9D931A6B}.Release|Any CPU.ActiveCfg = Release|x64
		{052B3C0C-DE60-4233-8513-74AB9D931A6B}.Release|Any CPU.Build.0 = Release|x64
		{052B3C0C-DE60-4233-8513-74AB9D931A6B}.Release|ARM.ActiveCfg = Release|x64
		{052B3C0C-DE60-4233-8513-74AB9D931A6B}.Release|ARM.Build.0 = Release|x64
		{052B3C0C-DE60-4233-8513-74AB9D931A6B}.Release|ARM64.ActiveCfg = Release|x64
		{052B3C0C-DE60-4233-8513-74AB9D931A6B}.Release|ARM64.Build.0 = Release|x64
		{052B3C0C-DE60-4233-8513-74AB9D931A6B}.Release|x64.ActiveCfg = Release|x64
		{052B3C0C-DE60-4233-8513-74AB9D931A6B}.Release|x64.Build.0 = Release|x64
		{052B3C0C-DE60-4233-8513-74AB9D931A6B}.Release|x86.ActiveCfg = Release|Win32
		{052B3C0C-DE60-4233-8513-74AB9D931A6B}.Release|x86.Build.0 = Release|Win32
	EndGlobalSection
	GlobalSection(SolutionProperties) = preSolution
		HideSolutionNode = FALSE
	EndGlobalSection
	GlobalSection(ExtensibilityGlobals) = postSolution
		SolutionGuid = {478A9337-8308-4358-9189-1978B8C8E8E9}
	EndGlobalSection
EndGlobal
